
Microsoft Visual Studio Solution File, Format Version 12.00
# Visual Studio Version 17
VisualStudioVersion = 17.9.34728.123
MinimumVisualStudioVersion = 10.0.40219.1
Project("{FAE04EC0-301F-11D3-BF4B-00C04F79EFBC}") = "TSP.Console", "TSP.Console\TSP.Console.csproj", "{F2F0742A-90CA-476A-8B48-5AC5CFE33EE7}"
EndProject
Global
	GlobalSection(SolutionConfigurationPlatforms) = preSolution
		Debug|Any CPU = Debug|Any CPU
		Release|Any CPU = Release|Any CPU
	EndGlobalSection
	GlobalSection(ProjectConfigurationPlatforms) = postSolution
		{F2F0742A-90CA-476A-8B48-5AC5CFE33EE7}.Debug|Any CPU.ActiveCfg = Debug|Any CPU
		{F2F0742A-90CA-476A-8B48-5AC5CFE33EE7}.Debug|Any CPU.Build.0 = Debug|Any CPU
		{F2F0742A-90CA-476A-8B48-5AC5CFE33EE7}.Release|Any CPU.ActiveCfg = Release|Any CPU
		{F2F0742A-90CA-476A-8B48-5AC5CFE33EE7}.Release|Any CPU.Build.0 = Release|Any CPU
	EndGlobalSection
	GlobalSection(SolutionProperties) = preSolution
		HideSolutionNode = FALSE
	EndGlobalSection
	GlobalSection(ExtensibilityGlobals) = postSolution
		SolutionGuid = {637A3DE7-5957-4E9D-A1C1-2B76C78750FB}
	EndGlobalSection
EndGlobal
